# THIS IS AN AUTOGENERATED FILE. DO NOT EDIT THIS FILE DIRECTLY.
# yarn lockfile v1


"run-node-bundle@file:":
  version "1.0.0"
  resolved "file:"
  dependencies:
    run-node "1.0.0"
    run-node-bundle "file:"

run-node@1.0.0:
  version "1.0.0"
  resolved "https://registry.npmjs.org/run-node/-/run-node-1.0.0.tgz"
  integrity sha512-kc120TBlQ3mih1LSzdAJXo4xn/GWS2ec0l3S+syHDXP9uRr0JAT8Qd3mdMuyjqCzeZktgP3try92cEgf9Nks8A==
